
Microsoft Visual Studio Solution File, Format Version 12.00
# Visual Studio Version 16
VisualStudioVersion = 16.0.32929.386
MinimumVisualStudioVersion = 10.0.40219.1
Project("{FAE04EC0-301F-11D3-BF4B-00C04F79EFBC}") = "Labb 1 – Grunderna i OOP Charlie Skibsted SUT22", "Labb 1 – Grunderna i OOP Charlie Skibsted SUT22\Labb 1 – Grunderna i OOP Charlie Skibsted SUT22.csproj", "{8BF8E496-8C4E-454A-A46D-087D6C9DBA88}"
EndProject
Global
	GlobalSection(SolutionConfigurationPlatforms) = preSolution
		Debug|Any CPU = Debug|Any CPU
		Release|Any CPU = Release|Any CPU
	EndGlobalSection
	GlobalSection(ProjectConfigurationPlatforms) = postSolution
		{8BF8E496-8C4E-454A-A46D-087D6C9DBA88}.Debug|Any CPU.ActiveCfg = Debug|Any CPU
		{8BF8E496-8C4E-454A-A46D-087D6C9DBA88}.Debug|Any CPU.Build.0 = Debug|Any CPU
		{8BF8E496-8C4E-454A-A46D-087D6C9DBA88}.Release|Any CPU.ActiveCfg = Release|Any CPU
		{8BF8E496-8C4E-454A-A46D-087D6C9DBA88}.Release|Any CPU.Build.0 = Release|Any CPU
	EndGlobalSection
	GlobalSection(SolutionProperties) = preSolution
		HideSolutionNode = FALSE
	EndGlobalSection
	GlobalSection(ExtensibilityGlobals) = postSolution
		SolutionGuid = {06911596-F69B-4FE8-BF8C-6CBB59BA27A6}
	EndGlobalSection
EndGlobal
